
Microsoft Visual Studio Solution File, Format Version 12.00
# Visual Studio 15
VisualStudioVersion = 15.0.28307.645
MinimumVisualStudioVersion = 10.0.40219.1
Project("{9A19103F-16F7-4668-BE54-9A1E7A4F7556}") = "PhoneBookDemoApi", "PhoneBookDemo\PhoneBookDemoApi.csproj", "{61DC048F-A2D8-44D7-8F82-0D6DFC0867E2}"
EndProject
Project("{FAE04EC0-301F-11D3-BF4B-00C04F79EFBC}") = "LogicTests", "LogicTests\LogicTests.csproj", "{759B827E-7978-4BC3-BCD4-A706BB9F0BD8}"
EndProject
Global
	GlobalSection(SolutionConfigurationPlatforms) = preSolution
		Debug|Any CPU = Debug|Any CPU
		Release|Any CPU = Release|Any CPU
	EndGlobalSection
	GlobalSection(ProjectConfigurationPlatforms) = postSolution
		{61DC048F-A2D8-44D7-8F82-0D6DFC0867E2}.Debug|Any CPU.ActiveCfg = Debug|Any CPU
		{61DC048F-A2D8-44D7-8F82-0D6DFC0867E2}.Debug|Any CPU.Build.0 = Debug|Any CPU
		{61DC048F-A2D8-44D7-8F82-0D6DFC0867E2}.Release|Any CPU.ActiveCfg = Release|Any CPU
		{61DC048F-A2D8-44D7-8F82-0D6DFC0867E2}.Release|Any CPU.Build.0 = Release|Any CPU
		{759B827E-7978-4BC3-BCD4-A706BB9F0BD8}.Debug|Any CPU.ActiveCfg = Debug|Any CPU
		{759B827E-7978-4BC3-BCD4-A706BB9F0BD8}.Debug|Any CPU.Build.0 = Debug|Any CPU
		{759B827E-7978-4BC3-BCD4-A706BB9F0BD8}.Release|Any CPU.ActiveCfg = Release|Any CPU
		{759B827E-7978-4BC3-BCD4-A706BB9F0BD8}.Release|Any CPU.Build.0 = Release|Any CPU
	EndGlobalSection
	GlobalSection(SolutionProperties) = preSolution
		HideSolutionNode = FALSE
	EndGlobalSection
	GlobalSection(ExtensibilityGlobals) = postSolution
		SolutionGuid = {C1562225-088E-4F51-93FF-29530F006F4F}
	EndGlobalSection
EndGlobal
